<?xml version="1.0" encoding="utf-8"?>
<Project ToolsVersion="4.0" xmlns="http://schemas.microsoft.com/developer/msbuild/2003">
  <ItemGroup>
    <Filter Include="소스 파일">
      <UniqueIdentifier>{4FC737F1-C7A5-4376-A066-2A32D752A2FF}</UniqueIdentifier>
      <Extensions>cpp;c;cc;cxx;c++;cppm;ixx;def;odl;idl;hpj;bat;asm;asmx</Extensions>
    </Filter>
    <Filter Include="헤더 파일">
      <UniqueIdentifier>{93995380-89BD-4b04-88EB-625FBE52EBFB}</UniqueIdentifier>
      <Extensions>h;hh;hpp;hxx;h++;hm;inl;inc;ipp;xsd</Extensions>
    </Filter>
    <Filter Include="리소스 파일">
      <UniqueIdentifier>{67DA6AB6-F800-4c08-8B7A-83BB121AAD01}</UniqueIdentifier>
      <Extensions>rc;ico;cur;bmp;dlg;rc2;rct;bin;rgs;gif;jpg;jpeg;jpe;resx;tiff;tif;png;wav;mfcribbon-ms</Extensions>
    </Filter>
    <Filter Include="RPC">
      <UniqueIdentifier>{c0d02435-dd7d-461e-87af-aaa1c1a58cc4}</UniqueIdentifier>
    </Filter>
  </ItemGroup>
  <ItemGroup>
    <ClCompile Include="main.cpp">
      <Filter>소스 파일</Filter>
    </ClCompile>
    <ClCompile Include="FighterServer.cpp">
      <Filter>소스 파일</Filter>
    </ClCompile>
    <ClCompile Include="FighterContents.cpp">
      <Filter>소스 파일</Filter>
    </ClCompile>
    <ClCompile Include="RPC_Fighter\FighterProxy.cpp">
      <Filter>RPC</Filter>
    </ClCompile>
    <ClCompile Include="RPC_Fighter\FighterStub.cpp">
      <Filter>RPC</Filter>
    </ClCompile>
    <ClCompile Include="FighterSubStub.cpp">
      <Filter>소스 파일</Filter>
    </ClCompile>
    <ClCompile Include="BattleDB.cpp">
      <Filter>소스 파일</Filter>
    </ClCompile>
  </ItemGroup>
  <ItemGroup>
    <ClInclude Include="FighterContents.h">
      <Filter>헤더 파일</Filter>
    </ClInclude>
    <ClInclude Include="FighterServer.h">
      <Filter>헤더 파일</Filter>
    </ClInclude>
    <ClInclude Include="FighterStructure.h">
      <Filter>헤더 파일</Filter>
    </ClInclude>
    <ClInclude Include="RPC_Fighter\FighterDefine.h">
      <Filter>RPC</Filter>
    </ClInclude>
    <ClInclude Include="RPC_Fighter\FighterProxy.h">
      <Filter>RPC</Filter>
    </ClInclude>
    <ClInclude Include="RPC_Fighter\FighterStub.h">
      <Filter>RPC</Filter>
    </ClInclude>
    <ClInclude Include="FighterSubStub.h">
      <Filter>헤더 파일</Filter>
    </ClInclude>
    <ClInclude Include="BattleDB.h">
      <Filter>헤더 파일</Filter>
    </ClInclude>
  </ItemGroup>
</Project>